{"is_source_file": false, "format": "", "description": "", "external_files": [], "external_methods": [], "published": [], "classes": [], "methods": [], "calls": [], "search-terms": [], "state": 2, "file_id": 17, "knowledge_revision": 35, "git_revision": "160684038b5d532e3c49aa84a85e1f3abbb3bdc2", "hash": "e9b4c3b42cef0193b7fddb548d37e652", "format-version": 4, "code-base-name": "default", "filename": "tripgenie/post_process_status.lock", "revision_history": [{"35": "160684038b5d532e3c49aa84a85e1f3abbb3bdc2"}]}