{"is_source_file": false, "format": "", "description": "", "external_files": [], "external_methods": [], "published": [], "classes": [], "methods": [], "calls": [], "search-terms": [], "state": 2, "file_id": 14, "knowledge_revision": 27, "git_revision": "1eda151d2f1ecd1f757f6c4ef738fde4ce127ebb", "hash": "e9b4c3b42cef0193b7fddb548d37e652", "format-version": 4, "code-base-name": "default", "filename": "tripgenie/post_process_status.lock", "revision_history": [{"27": "1eda151d2f1ecd1f757f6c4ef738fde4ce127ebb"}]}