{"is_source_file": false, "format": "", "description": "", "external_files": [], "external_methods": [], "published": [], "classes": [], "methods": [], "calls": [], "search-terms": [], "state": 2, "file_id": 32, "knowledge_revision": 124, "git_revision": "5b55588e30be450518ca1641c4431ed91c6022fd", "hash": "e9b4c3b42cef0193b7fddb548d37e652", "format-version": 4, "code-base-name": "default", "filename": "tripgenie_frontend/post_process_status.lock", "revision_history": [{"124": "5b55588e30be450518ca1641c4431ed91c6022fd"}]}