{"is_source_file": false, "format": "", "description": "", "external_files": [], "external_methods": [], "published": [], "classes": [], "methods": [], "calls": [], "search-terms": [], "state": 2, "file_id": 13, "knowledge_revision": 41, "git_revision": "bb3d6c2a203e9f68b8d735ec188e1c435734cf0b", "hash": "e9b4c3b42cef0193b7fddb548d37e652", "format-version": 4, "code-base-name": "default", "filename": "tripgenie_frontend/post_process_status.lock", "revision_history": [{"41": "bb3d6c2a203e9f68b8d735ec188e1c435734cf0b"}]}