{"is_source_file": false, "format": "", "description": "", "external_files": [], "external_methods": [], "published": [], "classes": [], "methods": [], "calls": [], "search-terms": [], "state": 2, "file_id": 4, "knowledge_revision": 16, "git_revision": "4f16b9f25bc729fb2fe5377c98d61b22b2916b5c", "hash": "9c4ed7ef73e22b872b8055bec08b8979", "format-version": 4, "code-base-name": "default", "filename": "tripgenie_frontend/post_process_status.lock", "revision_history": [{"16": "4f16b9f25bc729fb2fe5377c98d61b22b2916b5c"}]}